
Microsoft Visual Studio Solution File, Format Version 12.00
Project("{FAE04EC0-301F-11D3-BF4B-00C04F79EFBC}") = "Day1", "Day1\Day1.csproj", "{EA766A48-E1FE-4D3A-9298-A0477E9C72DB}"
EndProject
Project("{FAE04EC0-301F-11D3-BF4B-00C04F79EFBC}") = "Utilities", "Utilities\Utilities.csproj", "{41A7E8B0-D67D-4D82-85AF-F53E9C57BEE6}"
EndProject
Project("{FAE04EC0-301F-11D3-BF4B-00C04F79EFBC}") = "Day2", "Day2\Day2.csproj", "{80050218-B63F-4942-A132-3AB0EAB378CA}"
EndProject
Project("{FAE04EC0-301F-11D3-BF4B-00C04F79EFBC}") = "Day3", "Day3\Day3.csproj", "{6DA141DA-716B-4A97-9D1C-4AA55D037B4C}"
EndProject
Project("{FAE04EC0-301F-11D3-BF4B-00C04F79EFBC}") = "Day4", "Day4\Day4.csproj", "{E834EF4F-A364-4B74-B9DB-51EA0BEAA66C}"
EndProject
Project("{FAE04EC0-301F-11D3-BF4B-00C04F79EFBC}") = "Day5", "Day5\Day5.csproj", "{76DDA4AC-C1C5-495D-865F-6FB6D2A5F896}"
EndProject
Project("{FAE04EC0-301F-11D3-BF4B-00C04F79EFBC}") = "Day6", "Day6\Day6.csproj", "{FFF076C3-0A2D-4846-83A2-649AD1B64E4B}"
EndProject
Project("{FAE04EC0-301F-11D3-BF4B-00C04F79EFBC}") = "Day7", "Day7\Day7.csproj", "{E8AF88CA-91A8-4E1E-ABA7-CA34D0C4A00E}"
EndProject
Project("{FAE04EC0-301F-11D3-BF4B-00C04F79EFBC}") = "Day8", "Day8\Day8.csproj", "{A380C28D-EC4F-4272-BAFF-94A62607EB75}"
EndProject
Project("{FAE04EC0-301F-11D3-BF4B-00C04F79EFBC}") = "Day9", "Day9\Day9.csproj", "{DD6B1C23-6F54-4F5F-8FFC-2E5CBF7BAF5F}"
EndProject
Project("{FAE04EC0-301F-11D3-BF4B-00C04F79EFBC}") = "Day10", "Day10\Day10.csproj", "{0A6F9EF0-FD89-40C5-A50E-3D3F031AA74F}"
EndProject
Project("{FAE04EC0-301F-11D3-BF4B-00C04F79EFBC}") = "Day11", "Day11\Day11.csproj", "{E4A9055E-67D4-4DDF-84C3-847A5482FD33}"
EndProject
Project("{FAE04EC0-301F-11D3-BF4B-00C04F79EFBC}") = "Day12", "Day12\Day12.csproj", "{A27F2642-766B-4F9F-BF4B-BF34A13923CC}"
EndProject
Project("{FAE04EC0-301F-11D3-BF4B-00C04F79EFBC}") = "Day13", "Day13\Day13.csproj", "{2BB3F5EC-0F28-49E9-91B4-149625656C3E}"
EndProject
Project("{FAE04EC0-301F-11D3-BF4B-00C04F79EFBC}") = "Day14", "Day14\Day14.csproj", "{2A0CE21C-C08F-4644-8EBC-500E9D8C6772}"
EndProject
Project("{FAE04EC0-301F-11D3-BF4B-00C04F79EFBC}") = "Day16", "Day16\Day16.csproj", "{C0FD6052-9758-4770-9256-8BC7C4DB28A8}"
EndProject
Project("{FAE04EC0-301F-11D3-BF4B-00C04F79EFBC}") = "Day15", "Day15\Day15.csproj", "{F988ACBF-4ED2-431E-BEF2-F94AFDB955CE}"
EndProject
Project("{FAE04EC0-301F-11D3-BF4B-00C04F79EFBC}") = "Day17", "Day17\Day17.csproj", "{7FEE94DF-4616-4939-87D8-628AB45EB3F9}"
EndProject
Global
	GlobalSection(SolutionConfigurationPlatforms) = preSolution
		Debug|Any CPU = Debug|Any CPU
		Release|Any CPU = Release|Any CPU
	EndGlobalSection
	GlobalSection(ProjectConfigurationPlatforms) = postSolution
		{EA766A48-E1FE-4D3A-9298-A0477E9C72DB}.Debug|Any CPU.ActiveCfg = Debug|Any CPU
		{EA766A48-E1FE-4D3A-9298-A0477E9C72DB}.Debug|Any CPU.Build.0 = Debug|Any CPU
		{EA766A48-E1FE-4D3A-9298-A0477E9C72DB}.Release|Any CPU.ActiveCfg = Release|Any CPU
		{EA766A48-E1FE-4D3A-9298-A0477E9C72DB}.Release|Any CPU.Build.0 = Release|Any CPU
		{41A7E8B0-D67D-4D82-85AF-F53E9C57BEE6}.Debug|Any CPU.ActiveCfg = Debug|Any CPU
		{41A7E8B0-D67D-4D82-85AF-F53E9C57BEE6}.Debug|Any CPU.Build.0 = Debug|Any CPU
		{41A7E8B0-D67D-4D82-85AF-F53E9C57BEE6}.Release|Any CPU.ActiveCfg = Release|Any CPU
		{41A7E8B0-D67D-4D82-85AF-F53E9C57BEE6}.Release|Any CPU.Build.0 = Release|Any CPU
		{80050218-B63F-4942-A132-3AB0EAB378CA}.Debug|Any CPU.ActiveCfg = Debug|Any CPU
		{80050218-B63F-4942-A132-3AB0EAB378CA}.Debug|Any CPU.Build.0 = Debug|Any CPU
		{80050218-B63F-4942-A132-3AB0EAB378CA}.Release|Any CPU.ActiveCfg = Release|Any CPU
		{80050218-B63F-4942-A132-3AB0EAB378CA}.Release|Any CPU.Build.0 = Release|Any CPU
		{6DA141DA-716B-4A97-9D1C-4AA55D037B4C}.Debug|Any CPU.ActiveCfg = Debug|Any CPU
		{6DA141DA-716B-4A97-9D1C-4AA55D037B4C}.Debug|Any CPU.Build.0 = Debug|Any CPU
		{6DA141DA-716B-4A97-9D1C-4AA55D037B4C}.Release|Any CPU.ActiveCfg = Release|Any CPU
		{6DA141DA-716B-4A97-9D1C-4AA55D037B4C}.Release|Any CPU.Build.0 = Release|Any CPU
		{E834EF4F-A364-4B74-B9DB-51EA0BEAA66C}.Debug|Any CPU.ActiveCfg = Debug|Any CPU
		{E834EF4F-A364-4B74-B9DB-51EA0BEAA66C}.Debug|Any CPU.Build.0 = Debug|Any CPU
		{E834EF4F-A364-4B74-B9DB-51EA0BEAA66C}.Release|Any CPU.ActiveCfg = Release|Any CPU
		{E834EF4F-A364-4B74-B9DB-51EA0BEAA66C}.Release|Any CPU.Build.0 = Release|Any CPU
		{76DDA4AC-C1C5-495D-865F-6FB6D2A5F896}.Debug|Any CPU.ActiveCfg = Debug|Any CPU
		{76DDA4AC-C1C5-495D-865F-6FB6D2A5F896}.Debug|Any CPU.Build.0 = Debug|Any CPU
		{76DDA4AC-C1C5-495D-865F-6FB6D2A5F896}.Release|Any CPU.ActiveCfg = Release|Any CPU
		{76DDA4AC-C1C5-495D-865F-6FB6D2A5F896}.Release|Any CPU.Build.0 = Release|Any CPU
		{FFF076C3-0A2D-4846-83A2-649AD1B64E4B}.Debug|Any CPU.ActiveCfg = Debug|Any CPU
		{FFF076C3-0A2D-4846-83A2-649AD1B64E4B}.Debug|Any CPU.Build.0 = Debug|Any CPU
		{FFF076C3-0A2D-4846-83A2-649AD1B64E4B}.Release|Any CPU.ActiveCfg = Release|Any CPU
		{FFF076C3-0A2D-4846-83A2-649AD1B64E4B}.Release|Any CPU.Build.0 = Release|Any CPU
		{E8AF88CA-91A8-4E1E-ABA7-CA34D0C4A00E}.Debug|Any CPU.ActiveCfg = Debug|Any CPU
		{E8AF88CA-91A8-4E1E-ABA7-CA34D0C4A00E}.Debug|Any CPU.Build.0 = Debug|Any CPU
		{E8AF88CA-91A8-4E1E-ABA7-CA34D0C4A00E}.Release|Any CPU.ActiveCfg = Release|Any CPU
		{E8AF88CA-91A8-4E1E-ABA7-CA34D0C4A00E}.Release|Any CPU.Build.0 = Release|Any CPU
		{A380C28D-EC4F-4272-BAFF-94A62607EB75}.Debug|Any CPU.ActiveCfg = Debug|Any CPU
		{A380C28D-EC4F-4272-BAFF-94A62607EB75}.Debug|Any CPU.Build.0 = Debug|Any CPU
		{A380C28D-EC4F-4272-BAFF-94A62607EB75}.Release|Any CPU.ActiveCfg = Release|Any CPU
		{A380C28D-EC4F-4272-BAFF-94A62607EB75}.Release|Any CPU.Build.0 = Release|Any CPU
		{DD6B1C23-6F54-4F5F-8FFC-2E5CBF7BAF5F}.Debug|Any CPU.ActiveCfg = Debug|Any CPU
		{DD6B1C23-6F54-4F5F-8FFC-2E5CBF7BAF5F}.Debug|Any CPU.Build.0 = Debug|Any CPU
		{DD6B1C23-6F54-4F5F-8FFC-2E5CBF7BAF5F}.Release|Any CPU.ActiveCfg = Release|Any CPU
		{DD6B1C23-6F54-4F5F-8FFC-2E5CBF7BAF5F}.Release|Any CPU.Build.0 = Release|Any CPU
		{0A6F9EF0-FD89-40C5-A50E-3D3F031AA74F}.Debug|Any CPU.ActiveCfg = Debug|Any CPU
		{0A6F9EF0-FD89-40C5-A50E-3D3F031AA74F}.Debug|Any CPU.Build.0 = Debug|Any CPU
		{0A6F9EF0-FD89-40C5-A50E-3D3F031AA74F}.Release|Any CPU.ActiveCfg = Release|Any CPU
		{0A6F9EF0-FD89-40C5-A50E-3D3F031AA74F}.Release|Any CPU.Build.0 = Release|Any CPU
		{E4A9055E-67D4-4DDF-84C3-847A5482FD33}.Debug|Any CPU.ActiveCfg = Debug|Any CPU
		{E4A9055E-67D4-4DDF-84C3-847A5482FD33}.Debug|Any CPU.Build.0 = Debug|Any CPU
		{E4A9055E-67D4-4DDF-84C3-847A5482FD33}.Release|Any CPU.ActiveCfg = Release|Any CPU
		{E4A9055E-67D4-4DDF-84C3-847A5482FD33}.Release|Any CPU.Build.0 = Release|Any CPU
		{A27F2642-766B-4F9F-BF4B-BF34A13923CC}.Debug|Any CPU.ActiveCfg = Debug|Any CPU
		{A27F2642-766B-4F9F-BF4B-BF34A13923CC}.Debug|Any CPU.Build.0 = Debug|Any CPU
		{A27F2642-766B-4F9F-BF4B-BF34A13923CC}.Release|Any CPU.ActiveCfg = Release|Any CPU
		{A27F2642-766B-4F9F-BF4B-BF34A13923CC}.Release|Any CPU.Build.0 = Release|Any CPU
		{2BB3F5EC-0F28-49E9-91B4-149625656C3E}.Debug|Any CPU.ActiveCfg = Debug|Any CPU
		{2BB3F5EC-0F28-49E9-91B4-149625656C3E}.Debug|Any CPU.Build.0 = Debug|Any CPU
		{2BB3F5EC-0F28-49E9-91B4-149625656C3E}.Release|Any CPU.ActiveCfg = Release|Any CPU
		{2BB3F5EC-0F28-49E9-91B4-149625656C3E}.Release|Any CPU.Build.0 = Release|Any CPU
		{2A0CE21C-C08F-4644-8EBC-500E9D8C6772}.Debug|Any CPU.ActiveCfg = Debug|Any CPU
		{2A0CE21C-C08F-4644-8EBC-500E9D8C6772}.Debug|Any CPU.Build.0 = Debug|Any CPU
		{2A0CE21C-C08F-4644-8EBC-500E9D8C6772}.Release|Any CPU.ActiveCfg = Release|Any CPU
		{2A0CE21C-C08F-4644-8EBC-500E9D8C6772}.Release|Any CPU.Build.0 = Release|Any CPU
		{C0FD6052-9758-4770-9256-8BC7C4DB28A8}.Debug|Any CPU.ActiveCfg = Debug|Any CPU
		{C0FD6052-9758-4770-9256-8BC7C4DB28A8}.Debug|Any CPU.Build.0 = Debug|Any CPU
		{C0FD6052-9758-4770-9256-8BC7C4DB28A8}.Release|Any CPU.ActiveCfg = Release|Any CPU
		{C0FD6052-9758-4770-9256-8BC7C4DB28A8}.Release|Any CPU.Build.0 = Release|Any CPU
		{F988ACBF-4ED2-431E-BEF2-F94AFDB955CE}.Debug|Any CPU.ActiveCfg = Debug|Any CPU
		{F988ACBF-4ED2-431E-BEF2-F94AFDB955CE}.Debug|Any CPU.Build.0 = Debug|Any CPU
		{F988ACBF-4ED2-431E-BEF2-F94AFDB955CE}.Release|Any CPU.ActiveCfg = Release|Any CPU
		{F988ACBF-4ED2-431E-BEF2-F94AFDB955CE}.Release|Any CPU.Build.0 = Release|Any CPU
		{7FEE94DF-4616-4939-87D8-628AB45EB3F9}.Debug|Any CPU.ActiveCfg = Debug|Any CPU
		{7FEE94DF-4616-4939-87D8-628AB45EB3F9}.Debug|Any CPU.Build.0 = Debug|Any CPU
		{7FEE94DF-4616-4939-87D8-628AB45EB3F9}.Release|Any CPU.ActiveCfg = Release|Any CPU
		{7FEE94DF-4616-4939-87D8-628AB45EB3F9}.Release|Any CPU.Build.0 = Release|Any CPU
	EndGlobalSection
EndGlobal
