# This file is automatically @generated by Cargo.
# It is not intended for manual editing.
[[package]]
name = "aho-corasick"
version = "0.7.15"
source = "registry+https://github.com/rust-lang/crates.io-index"
checksum = "7404febffaa47dac81aa44dba71523c9d069b1bdc50a77db41195149e17f68e5"
dependencies = [
 "memchr",
]

[[package]]
name = "anyrange"
version = "0.1.0"
source = "registry+https://github.com/rust-lang/crates.io-index"
checksum = "97d59d03a70e06f9b9396f6d73ae81d9bc349ab5eef4c971eab0733cd981de66"

[[package]]
name = "array2d"
version = "0.2.1"
source = "registry+https://github.com/rust-lang/crates.io-index"
checksum = "224b2db9d3e7dd068c8b07b186076ee668ce38810d0ba12c80dacbcbb7cfc9e8"

[[package]]
name = "bencher"
version = "0.1.5"
source = "registry+https://github.com/rust-lang/crates.io-index"
checksum = "7dfdb4953a096c551ce9ace855a604d702e6e62d77fac690575ae347571717f5"

[[package]]
name = "common"
version = "0.1.0"
dependencies = [
 "bencher",
]

[[package]]
name = "day-1"
version = "0.1.0"
dependencies = [
 "common",
]

[[package]]
name = "day-10"
version = "0.1.0"
dependencies = [
 "common",
 "itertools",
]

[[package]]
name = "day-11"
version = "0.1.0"
dependencies = [
 "array2d",
 "common",
]

[[package]]
name = "day-12"
version = "0.1.0"
dependencies = [
 "common",
]

[[package]]
name = "day-13"
version = "0.1.0"
dependencies = [
 "common",
]

[[package]]
name = "day-14"
version = "0.1.0"
dependencies = [
 "common",
 "hashbrown",
 "lazy_static",
 "regex",
]

[[package]]
name = "day-15"
version = "0.1.0"
dependencies = [
 "common",
 "hashbrown",
]

[[package]]
name = "day-16"
version = "0.1.0"
dependencies = [
 "common",
 "itertools",
 "text_io",
]

[[package]]
name = "day-17"
version = "0.1.0"
dependencies = [
 "common",
 "itertools",
 "lazy_static",
 "multiarray",
]

[[package]]
name = "day-18"
version = "0.1.0"
dependencies = [
 "common",
]

[[package]]
name = "day-19"
version = "0.1.0"
dependencies = [
 "common",
]

[[package]]
name = "day-2"
version = "0.1.0"
dependencies = [
 "common",
 "parse-display",
]

[[package]]
name = "day-20"
version = "0.1.0"
dependencies = [
 "common",
]

[[package]]
name = "day-21"
version = "0.1.0"
dependencies = [
 "common",
]

[[package]]
name = "day-22"
version = "0.1.0"
dependencies = [
 "common",
]

[[package]]
name = "day-23"
version = "0.1.0"
dependencies = [
 "common",
]

[[package]]
name = "day-24"
version = "0.1.0"
dependencies = [
 "common",
]

[[package]]
name = "day-25"
version = "0.1.0"
dependencies = [
 "common",
]

[[package]]
name = "day-3"
version = "0.1.0"
dependencies = [
 "common",
]

[[package]]
name = "day-4"
version = "0.1.0"
dependencies = [
 "common",
 "lazy_static",
 "regex",
]

[[package]]
name = "day-5"
version = "0.1.0"
dependencies = [
 "common",
]

[[package]]
name = "day-6"
version = "0.1.0"
dependencies = [
 "common",
]

[[package]]
name = "day-7"
version = "0.1.0"
dependencies = [
 "common",
 "lazy_static",
 "petgraph",
 "regex",
]

[[package]]
name = "day-8"
version = "0.1.0"
dependencies = [
 "common",
]

[[package]]
name = "day-9"
version = "0.1.0"
dependencies = [
 "common",
]

[[package]]
name = "either"
version = "1.6.1"
source = "registry+https://github.com/rust-lang/crates.io-index"
checksum = "e78d4f1cc4ae33bbfc157ed5d5a5ef3bc29227303d595861deb238fcec4e9457"

[[package]]
name = "fixedbitset"
version = "0.1.9"
source = "registry+https://github.com/rust-lang/crates.io-index"
checksum = "86d4de0081402f5e88cdac65c8dcdcc73118c1a7a465e2a05f0da05843a8ea33"

[[package]]
name = "hashbrown"
version = "0.3.1"
source = "registry+https://github.com/rust-lang/crates.io-index"
checksum = "29fba9abe4742d586dfd0c06ae4f7e73a1c2d86b856933509b269d82cdf06e18"

[[package]]
name = "itertools"
version = "0.9.0"
source = "registry+https://github.com/rust-lang/crates.io-index"
checksum = "284f18f85651fe11e8a991b2adb42cb078325c996ed026d994719efcfca1d54b"
dependencies = [
 "either",
]

[[package]]
name = "lazy_static"
version = "1.4.0"
source = "registry+https://github.com/rust-lang/crates.io-index"
checksum = "e2abad23fbc42b3700f2f279844dc832adb2b2eb069b2df918f455c4e18cc646"

[[package]]
name = "memchr"
version = "2.3.4"
source = "registry+https://github.com/rust-lang/crates.io-index"
checksum = "0ee1c47aaa256ecabcaea351eae4a9b01ef39ed810004e298d2511ed284b1525"

[[package]]
name = "multiarray"
version = "0.1.3"
source = "registry+https://github.com/rust-lang/crates.io-index"
checksum = "5b2d808612ad02ebf12564e0a4d11f8ba37fa8972924a6839941c303e9693a33"
dependencies = [
 "anyrange",
]

[[package]]
name = "once_cell"
version = "1.5.2"
source = "registry+https://github.com/rust-lang/crates.io-index"
checksum = "13bd41f508810a131401606d54ac32a467c97172d74ba7662562ebba5ad07fa0"

[[package]]
name = "ordermap"
version = "0.3.5"
source = "registry+https://github.com/rust-lang/crates.io-index"
checksum = "a86ed3f5f244b372d6b1a00b72ef7f8876d0bc6a78a4c9985c53614041512063"

[[package]]
name = "parse-display"
version = "0.4.0"
source = "registry+https://github.com/rust-lang/crates.io-index"
checksum = "12035532e456d9f4f59fcfa3834dc5f45b391d9029f5287292bf41960b05ce91"
dependencies = [
 "once_cell",
 "parse-display-derive",
 "regex",
]

[[package]]
name = "parse-display-derive"
version = "0.4.0"
source = "registry+https://github.com/rust-lang/crates.io-index"
checksum = "449f5881ab953fa168d60a57dd182a3e1fdeff16bb9bdd309145fbd8f32326ec"
dependencies = [
 "once_cell",
 "proc-macro2",
 "quote",
 "regex",
 "regex-syntax",
 "syn",
]

[[package]]
name = "petgraph"
version = "0.4.13"
source = "registry+https://github.com/rust-lang/crates.io-index"
checksum = "9c3659d1ee90221741f65dd128d9998311b0e40c5d3c23a62445938214abce4f"
dependencies = [
 "fixedbitset",
 "ordermap",
]

[[package]]
name = "proc-macro2"
version = "1.0.24"
source = "registry+https://github.com/rust-lang/crates.io-index"
checksum = "1e0704ee1a7e00d7bb417d0770ea303c1bccbabf0ef1667dae92b5967f5f8a71"
dependencies = [
 "unicode-xid",
]

[[package]]
name = "quote"
version = "1.0.7"
source = "registry+https://github.com/rust-lang/crates.io-index"
checksum = "aa563d17ecb180e500da1cfd2b028310ac758de548efdd203e18f283af693f37"
dependencies = [
 "proc-macro2",
]

[[package]]
name = "regex"
version = "1.4.2"
source = "registry+https://github.com/rust-lang/crates.io-index"
checksum = "38cf2c13ed4745de91a5eb834e11c00bcc3709e773173b2ce4c56c9fbde04b9c"
dependencies = [
 "aho-corasick",
 "memchr",
 "regex-syntax",
 "thread_local",
]

[[package]]
name = "regex-syntax"
version = "0.6.21"
source = "registry+https://github.com/rust-lang/crates.io-index"
checksum = "3b181ba2dcf07aaccad5448e8ead58db5b742cf85dfe035e2227f137a539a189"

[[package]]
name = "syn"
version = "1.0.53"
source = "registry+https://github.com/rust-lang/crates.io-index"
checksum = "8833e20724c24de12bbaba5ad230ea61c3eafb05b881c7c9d3cfe8638b187e68"
dependencies = [
 "proc-macro2",
 "quote",
 "unicode-xid",
]

[[package]]
name = "text_io"
version = "0.1.8"
source = "registry+https://github.com/rust-lang/crates.io-index"
checksum = "6cb170b4f47dc48835fbc56259c12d8963e542b05a24be2e3a1f5a6c320fd2d4"

[[package]]
name = "thread_local"
version = "1.0.1"
source = "registry+https://github.com/rust-lang/crates.io-index"
checksum = "d40c6d1b69745a6ec6fb1ca717914848da4b44ae29d9b3080cbee91d72a69b14"
dependencies = [
 "lazy_static",
]

[[package]]
name = "unicode-xid"
version = "0.2.1"
source = "registry+https://github.com/rust-lang/crates.io-index"
checksum = "f7fe0bb3479651439c9112f72b6c505038574c9fbb575ed1bf3b797fa39dd564"
